
Microsoft Visual Studio Solution File, Format Version 12.00
# Visual Studio Version 17
VisualStudioVersion = 17.10.34916.146
MinimumVisualStudioVersion = 10.0.40219.1
Project("{FAE04EC0-301F-11D3-BF4B-00C04F79EFBC}") = "OrderWriteApi", "OrderWriteApi\OrderWriteApi.csproj", "{4D88DA04-3431-4BE1-8D22-6EF4172E1E15}"
EndProject
Project("{FAE04EC0-301F-11D3-BF4B-00C04F79EFBC}") = "OrderReadApi", "OrderReadApi\OrderReadApi.csproj", "{9D900738-C742-409A-8633-175E5C3047A1}"
EndProject
Project("{2150E333-8FDC-42A3-9474-1A3956D46DE8}") = "Solution Items", "Solution Items", "{3815AD73-3E73-4D9C-BE4F-FDC1568B8F84}"
	ProjectSection(SolutionItems) = preProject
		.editorconfig = .editorconfig
		Directory.Build.props = Directory.Build.props
		Directory.Packages.props = Directory.Packages.props
	EndProjectSection
EndProject
Project("{E53339B2-1760-4266-BCC7-CA923CBCF16C}") = "docker-compose", "docker-compose.dcproj", "{E94276B0-9D03-4922-8E5B-1901F73440F9}"
EndProject
Project("{FAE04EC0-301F-11D3-BF4B-00C04F79EFBC}") = "OrderApi.Core", "OrderApi.Core\OrderApi.Core.csproj", "{94FF3AC9-80BA-4135-A9DF-644068A3388B}"
EndProject
Global
	GlobalSection(SolutionConfigurationPlatforms) = preSolution
		Debug|Any CPU = Debug|Any CPU
		Release|Any CPU = Release|Any CPU
	EndGlobalSection
	GlobalSection(ProjectConfigurationPlatforms) = postSolution
		{4D88DA04-3431-4BE1-8D22-6EF4172E1E15}.Debug|Any CPU.ActiveCfg = Debug|Any CPU
		{4D88DA04-3431-4BE1-8D22-6EF4172E1E15}.Debug|Any CPU.Build.0 = Debug|Any CPU
		{4D88DA04-3431-4BE1-8D22-6EF4172E1E15}.Release|Any CPU.ActiveCfg = Release|Any CPU
		{4D88DA04-3431-4BE1-8D22-6EF4172E1E15}.Release|Any CPU.Build.0 = Release|Any CPU
		{9D900738-C742-409A-8633-175E5C3047A1}.Debug|Any CPU.ActiveCfg = Debug|Any CPU
		{9D900738-C742-409A-8633-175E5C3047A1}.Debug|Any CPU.Build.0 = Debug|Any CPU
		{9D900738-C742-409A-8633-175E5C3047A1}.Release|Any CPU.ActiveCfg = Release|Any CPU
		{9D900738-C742-409A-8633-175E5C3047A1}.Release|Any CPU.Build.0 = Release|Any CPU
		{E94276B0-9D03-4922-8E5B-1901F73440F9}.Debug|Any CPU.ActiveCfg = Debug|Any CPU
		{E94276B0-9D03-4922-8E5B-1901F73440F9}.Debug|Any CPU.Build.0 = Debug|Any CPU
		{E94276B0-9D03-4922-8E5B-1901F73440F9}.Release|Any CPU.ActiveCfg = Release|Any CPU
		{E94276B0-9D03-4922-8E5B-1901F73440F9}.Release|Any CPU.Build.0 = Release|Any CPU
		{94FF3AC9-80BA-4135-A9DF-644068A3388B}.Debug|Any CPU.ActiveCfg = Debug|Any CPU
		{94FF3AC9-80BA-4135-A9DF-644068A3388B}.Debug|Any CPU.Build.0 = Debug|Any CPU
		{94FF3AC9-80BA-4135-A9DF-644068A3388B}.Release|Any CPU.ActiveCfg = Release|Any CPU
		{94FF3AC9-80BA-4135-A9DF-644068A3388B}.Release|Any CPU.Build.0 = Release|Any CPU
	EndGlobalSection
	GlobalSection(SolutionProperties) = preSolution
		HideSolutionNode = FALSE
	EndGlobalSection
	GlobalSection(ExtensibilityGlobals) = postSolution
		SolutionGuid = {E9A25A99-73E2-432A-9A8D-71466F3E7BEA}
	EndGlobalSection
EndGlobal
